// !$*UTF8*$!
{
	archiveVersion = 1;
	classes = {
	};
	objectVersion = 55;
	objects = {

/* Begin PBXBuildFile section */
		9524581E27DDA2A2001DBC95 /* QuestionAnswerTableViewCell.swift in Sources */ = {isa = PBXBuildFile; fileRef = 9524581D27DDA2A2001DBC95 /* QuestionAnswerTableViewCell.swift */; };
		9524582027DDA461001DBC95 /* UIView+extensions.swift in Sources */ = {isa = PBXBuildFile; fileRef = 9524581F27DDA461001DBC95 /* UIView+extensions.swift */; };
		9524582227DEDF8F001DBC95 /* Question.swift in Sources */ = {isa = PBXBuildFile; fileRef = 9524582127DEDF8F001DBC95 /* Question.swift */; };
		959E26EB27DCDE9D0002A23D /* AppDelegate.swift in Sources */ = {isa = PBXBuildFile; fileRef = 959E26EA27DCDE9D0002A23D /* AppDelegate.swift */; };
		959E26ED27DCDE9D0002A23D /* SceneDelegate.swift in Sources */ = {isa = PBXBuildFile; fileRef = 959E26EC27DCDE9D0002A23D /* SceneDelegate.swift */; };
		959E26EF27DCDE9D0002A23D /* QuestionsViewController.swift in Sources */ = {isa = PBXBuildFile; fileRef = 959E26EE27DCDE9D0002A23D /* QuestionsViewController.swift */; };
		959E26F227DCDE9D0002A23D /* Main.storyboard in Resources */ = {isa = PBXBuildFile; fileRef = 959E26F027DCDE9D0002A23D /* Main.storyboard */; };
		959E26F427DCDE9E0002A23D /* Assets.xcassets in Resources */ = {isa = PBXBuildFile; fileRef = 959E26F327DCDE9E0002A23D /* Assets.xcassets */; };
		959E26F727DCDE9E0002A23D /* LaunchScreen.storyboard in Resources */ = {isa = PBXBuildFile; fileRef = 959E26F527DCDE9E0002A23D /* LaunchScreen.storyboard */; };
		959E270127DD98EB0002A23D /* GuessedViewController.swift in Sources */ = {isa = PBXBuildFile; fileRef = 959E270027DD98EB0002A23D /* GuessedViewController.swift */; };
		959E270327DD992E0002A23D /* GuessedViewModel.swift in Sources */ = {isa = PBXBuildFile; fileRef = 959E270227DD992E0002A23D /* GuessedViewModel.swift */; };
		959E270527DD993F0002A23D /* QuestionsViewModel.swift in Sources */ = {isa = PBXBuildFile; fileRef = 959E270427DD993F0002A23D /* QuestionsViewModel.swift */; };
		95E5FEA427E033A3002517C4 /* GuessAnswerViewController.swift in Sources */ = {isa = PBXBuildFile; fileRef = 95E5FEA227E033A3002517C4 /* GuessAnswerViewController.swift */; };
		95E5FEA527E033A3002517C4 /* GuessAnswerViewModel.swift in Sources */ = {isa = PBXBuildFile; fileRef = 95E5FEA327E033A3002517C4 /* GuessAnswerViewModel.swift */; };
		95E5FEA727E03800002517C4 /* Answer.swift in Sources */ = {isa = PBXBuildFile; fileRef = 95E5FEA627E03800002517C4 /* Answer.swift */; };
/* End PBXBuildFile section */

/* Begin PBXFileReference section */
		9524581D27DDA2A2001DBC95 /* QuestionAnswerTableViewCell.swift */ = {isa = PBXFileReference; lastKnownFileType = sourcecode.swift; path = QuestionAnswerTableViewCell.swift; sourceTree = "<group>"; };
		9524581F27DDA461001DBC95 /* UIView+extensions.swift */ = {isa = PBXFileReference; lastKnownFileType = sourcecode.swift; path = "UIView+extensions.swift"; sourceTree = "<group>"; };
		9524582127DEDF8F001DBC95 /* Question.swift */ = {isa = PBXFileReference; lastKnownFileType = sourcecode.swift; path = Question.swift; sourceTree = "<group>"; };
		959E26E727DCDE9D0002A23D /* AcculynxCodeChallenge.app */ = {isa = PBXFileReference; explicitFileType = wrapper.application; includeInIndex = 0; path = AcculynxCodeChallenge.app; sourceTree = BUILT_PRODUCTS_DIR; };
		959E26EA27DCDE9D0002A23D /* AppDelegate.swift */ = {isa = PBXFileReference; lastKnownFileType = sourcecode.swift; path = AppDelegate.swift; sourceTree = "<group>"; };
		959E26EC27DCDE9D0002A23D /* SceneDelegate.swift */ = {isa = PBXFileReference; lastKnownFileType = sourcecode.swift; path = SceneDelegate.swift; sourceTree = "<group>"; };
		959E26EE27DCDE9D0002A23D /* QuestionsViewController.swift */ = {isa = PBXFileReference; lastKnownFileType = sourcecode.swift; path = QuestionsViewController.swift; sourceTree = "<group>"; };
		959E26F127DCDE9D0002A23D /* Base */ = {isa = PBXFileReference; lastKnownFileType = file.storyboard; name = Base; path = Base.lproj/Main.storyboard; sourceTree = "<group>"; };
		959E26F327DCDE9E0002A23D /* Assets.xcassets */ = {isa = PBXFileReference; lastKnownFileType = folder.assetcatalog; path = Assets.xcassets; sourceTree = "<group>"; };
		959E26F627DCDE9E0002A23D /* Base */ = {isa = PBXFileReference; lastKnownFileType = file.storyboard; name = Base; path = Base.lproj/LaunchScreen.storyboard; sourceTree = "<group>"; };
		959E26F827DCDE9E0002A23D /* Info.plist */ = {isa = PBXFileReference; lastKnownFileType = text.plist.xml; path = Info.plist; sourceTree = "<group>"; };
		959E270027DD98EB0002A23D /* GuessedViewController.swift */ = {isa = PBXFileReference; lastKnownFileType = sourcecode.swift; path = GuessedViewController.swift; sourceTree = "<group>"; };
		959E270227DD992E0002A23D /* GuessedViewModel.swift */ = {isa = PBXFileReference; lastKnownFileType = sourcecode.swift; path = GuessedViewModel.swift; sourceTree = "<group>"; };
		959E270427DD993F0002A23D /* QuestionsViewModel.swift */ = {isa = PBXFileReference; lastKnownFileType = sourcecode.swift; path = QuestionsViewModel.swift; sourceTree = "<group>"; };
		95E5FEA227E033A3002517C4 /* GuessAnswerViewController.swift */ = {isa = PBXFileReference; fileEncoding = 4; lastKnownFileType = sourcecode.swift; path = GuessAnswerViewController.swift; sourceTree = "<group>"; };
		95E5FEA327E033A3002517C4 /* GuessAnswerViewModel.swift */ = {isa = PBXFileReference; fileEncoding = 4; lastKnownFileType = sourcecode.swift; path = GuessAnswerViewModel.swift; sourceTree = "<group>"; };
		95E5FEA627E03800002517C4 /* Answer.swift */ = {isa = PBXFileReference; lastKnownFileType = sourcecode.swift; path = Answer.swift; sourceTree = "<group>"; };
/* End PBXFileReference section */

/* Begin PBXFrameworksBuildPhase section */
		959E26E427DCDE9D0002A23D /* Frameworks */ = {
			isa = PBXFrameworksBuildPhase;
			buildActionMask = 2147483647;
			files = (
			);
			runOnlyForDeploymentPostprocessing = 0;
		};
/* End PBXFrameworksBuildPhase section */

/* Begin PBXGroup section */
		959E26DE27DCDE9D0002A23D = {
			isa = PBXGroup;
			children = (
				959E26E927DCDE9D0002A23D /* AcculynxCodeChallenge */,
				959E26E827DCDE9D0002A23D /* Products */,
			);
			sourceTree = "<group>";
		};
		959E26E827DCDE9D0002A23D /* Products */ = {
			isa = PBXGroup;
			children = (
				959E26E727DCDE9D0002A23D /* AcculynxCodeChallenge.app */,
			);
			name = Products;
			sourceTree = "<group>";
		};
		959E26E927DCDE9D0002A23D /* AcculynxCodeChallenge */ = {
			isa = PBXGroup;
			children = (
				959E26EA27DCDE9D0002A23D /* AppDelegate.swift */,
				959E26F327DCDE9E0002A23D /* Assets.xcassets */,
				95E5FEA227E033A3002517C4 /* GuessAnswerViewController.swift */,
				95E5FEA327E033A3002517C4 /* GuessAnswerViewModel.swift */,
				959E270027DD98EB0002A23D /* GuessedViewController.swift */,
				959E270227DD992E0002A23D /* GuessedViewModel.swift */,
				959E26F827DCDE9E0002A23D /* Info.plist */,
				959E26F527DCDE9E0002A23D /* LaunchScreen.storyboard */,
				959E26F027DCDE9D0002A23D /* Main.storyboard */,
				9524582127DEDF8F001DBC95 /* Question.swift */,
				95E5FEA627E03800002517C4 /* Answer.swift */,
				9524581D27DDA2A2001DBC95 /* QuestionAnswerTableViewCell.swift */,
				959E26EE27DCDE9D0002A23D /* QuestionsViewController.swift */,
				959E270427DD993F0002A23D /* QuestionsViewModel.swift */,
				959E26EC27DCDE9D0002A23D /* SceneDelegate.swift */,
				9524581F27DDA461001DBC95 /* UIView+extensions.swift */,
			);
			path = AcculynxCodeChallenge;
			sourceTree = "<group>";
		};
/* End PBXGroup section */

/* Begin PBXNativeTarget section */
		959E26E627DCDE9D0002A23D /* AcculynxCodeChallenge */ = {
			isa = PBXNativeTarget;
			buildConfigurationList = 959E26FB27DCDE9E0002A23D /* Build configuration list for PBXNativeTarget "AcculynxCodeChallenge" */;
			buildPhases = (
				959E26E327DCDE9D0002A23D /* Sources */,
				959E26E427DCDE9D0002A23D /* Frameworks */,
				959E26E527DCDE9D0002A23D /* Resources */,
			);
			buildRules = (
			);
			dependencies = (
			);
			name = AcculynxCodeChallenge;
			productName = AcculynxCodeChallenge;
			productReference = 959E26E727DCDE9D0002A23D /* AcculynxCodeChallenge.app */;
			productType = "com.apple.product-type.application";
		};
/* End PBXNativeTarget section */

/* Begin PBXProject section */
		959E26DF27DCDE9D0002A23D /* Project object */ = {
			isa = PBXProject;
			attributes = {
				BuildIndependentTargetsInParallel = 1;
				LastSwiftUpdateCheck = 1320;
				LastUpgradeCheck = 1320;
				TargetAttributes = {
					959E26E627DCDE9D0002A23D = {
						CreatedOnToolsVersion = 13.2.1;
					};
				};
			};
			buildConfigurationList = 959E26E227DCDE9D0002A23D /* Build configuration list for PBXProject "AcculynxCodeChallenge" */;
			compatibilityVersion = "Xcode 13.0";
			developmentRegion = en;
			hasScannedForEncodings = 0;
			knownRegions = (
				en,
				Base,
			);
			mainGroup = 959E26DE27DCDE9D0002A23D;
			productRefGroup = 959E26E827DCDE9D0002A23D /* Products */;
			projectDirPath = "";
			projectRoot = "";
			targets = (
				959E26E627DCDE9D0002A23D /* AcculynxCodeChallenge */,
			);
		};
/* End PBXProject section */

/* Begin PBXResourcesBuildPhase section */
		959E26E527DCDE9D0002A23D /* Resources */ = {
			isa = PBXResourcesBuildPhase;
			buildActionMask = 2147483647;
			files = (
				959E26F727DCDE9E0002A23D /* LaunchScreen.storyboard in Resources */,
				959E26F427DCDE9E0002A23D /* Assets.xcassets in Resources */,
				959E26F227DCDE9D0002A23D /* Main.storyboard in Resources */,
			);
			runOnlyForDeploymentPostprocessing = 0;
		};
/* End PBXResourcesBuildPhase section */

/* Begin PBXSourcesBuildPhase section */
		959E26E327DCDE9D0002A23D /* Sources */ = {
			isa = PBXSourcesBuildPhase;
			buildActionMask = 2147483647;
			files = (
				9524582027DDA461001DBC95 /* UIView+extensions.swift in Sources */,
				959E26EF27DCDE9D0002A23D /* QuestionsViewController.swift in Sources */,
				95E5FEA427E033A3002517C4 /* GuessAnswerViewController.swift in Sources */,
				95E5FEA527E033A3002517C4 /* GuessAnswerViewModel.swift in Sources */,
				959E270127DD98EB0002A23D /* GuessedViewController.swift in Sources */,
				9524582227DEDF8F001DBC95 /* Question.swift in Sources */,
				95E5FEA727E03800002517C4 /* Answer.swift in Sources */,
				959E270527DD993F0002A23D /* QuestionsViewModel.swift in Sources */,
				959E270327DD992E0002A23D /* GuessedViewModel.swift in Sources */,
				959E26EB27DCDE9D0002A23D /* AppDelegate.swift in Sources */,
				9524581E27DDA2A2001DBC95 /* QuestionAnswerTableViewCell.swift in Sources */,
				959E26ED27DCDE9D0002A23D /* SceneDelegate.swift in Sources */,
			);
			runOnlyForDeploymentPostprocessing = 0;
		};
/* End PBXSourcesBuildPhase section */

/* Begin PBXVariantGroup section */
		959E26F027DCDE9D0002A23D /* Main.storyboard */ = {
			isa = PBXVariantGroup;
			children = (
				959E26F127DCDE9D0002A23D /* Base */,
			);
			name = Main.storyboard;
			sourceTree = "<group>";
		};
		959E26F527DCDE9E0002A23D /* LaunchScreen.storyboard */ = {
			isa = PBXVariantGroup;
			children = (
				959E26F627DCDE9E0002A23D /* Base */,
			);
			name = LaunchScreen.storyboard;
			sourceTree = "<group>";
		};
/* End PBXVariantGroup section */

/* Begin XCBuildConfiguration section */
		959E26F927DCDE9E0002A23D /* Debug */ = {
			isa = XCBuildConfiguration;
			buildSettings = {
				ALWAYS_SEARCH_USER_PATHS = NO;
				CLANG_ANALYZER_NONNULL = YES;
				CLANG_ANALYZER_NUMBER_OBJECT_CONVERSION = YES_AGGRESSIVE;
				CLANG_CXX_LANGUAGE_STANDARD = "gnu++17";
				CLANG_CXX_LIBRARY = "libc++";
				CLANG_ENABLE_MODULES = YES;
				CLANG_ENABLE_OBJC_ARC = YES;
				CLANG_ENABLE_OBJC_WEAK = YES;
				CLANG_WARN_BLOCK_CAPTURE_AUTORELEASING = YES;
				CLANG_WARN_BOOL_CONVERSION = YES;
				CLANG_WARN_COMMA = YES;
				CLANG_WARN_CONSTANT_CONVERSION = YES;
				CLANG_WARN_DEPRECATED_OBJC_IMPLEMENTATIONS = YES;
				CLANG_WARN_DIRECT_OBJC_ISA_USAGE = YES_ERROR;
				CLANG_WARN_DOCUMENTATION_COMMENTS = YES;
				CLANG_WARN_EMPTY_BODY = YES;
				CLANG_WARN_ENUM_CONVERSION = YES;
				CLANG_WARN_INFINITE_RECURSION = YES;
				CLANG_WARN_INT_CONVERSION = YES;
				CLANG_WARN_NON_LITERAL_NULL_CONVERSION = YES;
				CLANG_WARN_OBJC_IMPLICIT_RETAIN_SELF = YES;
				CLANG_WARN_OBJC_LITERAL_CONVERSION = YES;
				CLANG_WARN_OBJC_ROOT_CLASS = YES_ERROR;
				CLANG_WARN_QUOTED_INCLUDE_IN_FRAMEWORK_HEADER = YES;
				CLANG_WARN_RANGE_LOOP_ANALYSIS = YES;
				CLANG_WARN_STRICT_PROTOTYPES = YES;
				CLANG_WARN_SUSPICIOUS_MOVE = YES;
				CLANG_WARN_UNGUARDED_AVAILABILITY = YES_AGGRESSIVE;
				CLANG_WARN_UNREACHABLE_CODE = YES;
				CLANG_WARN__DUPLICATE_METHOD_MATCH = YES;
				COPY_PHASE_STRIP = NO;
				DEBUG_INFORMATION_FORMAT = dwarf;
				ENABLE_STRICT_OBJC_MSGSEND = YES;
				ENABLE_TESTABILITY = YES;
				GCC_C_LANGUAGE_STANDARD = gnu11;
				GCC_DYNAMIC_NO_PIC = NO;
				GCC_NO_COMMON_BLOCKS = YES;
				GCC_OPTIMIZATION_LEVEL = 0;
				GCC_PREPROCESSOR_DEFINITIONS = (
					"DEBUG=1",
					"$(inherited)",
				);
				GCC_WARN_64_TO_32_BIT_CONVERSION = YES;
				GCC_WARN_ABOUT_RETURN_TYPE = YES_ERROR;
				GCC_WARN_UNDECLARED_SELECTOR = YES;
				GCC_WARN_UNINITIALIZED_AUTOS = YES_AGGRESSIVE;
				GCC_WARN_UNUSED_FUNCTION = YES;
				GCC_WARN_UNUSED_VARIABLE = YES;
				IPHONEOS_DEPLOYMENT_TARGET = 15.2;
				MTL_ENABLE_DEBUG_INFO = INCLUDE_SOURCE;
				MTL_FAST_MATH = YES;
				ONLY_ACTIVE_ARCH = YES;
				SDKROOT = iphoneos;
				SWIFT_ACTIVE_COMPILATION_CONDITIONS = DEBUG;
				SWIFT_OPTIMIZATION_LEVEL = "-Onone";
			};
			name = Debug;
		};
		959E26FA27DCDE9E0002A23D /* Release */ = {
			isa = XCBuildConfiguration;
			buildSettings = {
				ALWAYS_SEARCH_USER_PATHS = NO;
				CLANG_ANALYZER_NONNULL = YES;
				CLANG_ANALYZER_NUMBER_OBJECT_CONVERSION = YES_AGGRESSIVE;
				CLANG_CXX_LANGUAGE_STANDARD = "gnu++17";
				CLANG_CXX_LIBRARY = "libc++";
				CLANG_ENABLE_MODULES = YES;
				CLANG_ENABLE_OBJC_ARC = YES;
				CLANG_ENABLE_OBJC_WEAK = YES;
				CLANG_WARN_BLOCK_CAPTURE_AUTORELEASING = YES;
				CLANG_WARN_BOOL_CONVERSION = YES;
				CLANG_WARN_COMMA = YES;
				CLANG_WARN_CONSTANT_CONVERSION = YES;
				CLANG_WARN_DEPRECATED_OBJC_IMPLEMENTATIONS = YES;
				CLANG_WARN_DIRECT_OBJC_ISA_USAGE = YES_ERROR;
				CLANG_WARN_DOCUMENTATION_COMMENTS = YES;
				CLANG_WARN_EMPTY_BODY = YES;
				CLANG_WARN_ENUM_CONVERSION = YES;
				CLANG_WARN_INFINITE_RECURSION = YES;
				CLANG_WARN_INT_CONVERSION = YES;
				CLANG_WARN_NON_LITERAL_NULL_CONVERSION = YES;
				CLANG_WARN_OBJC_IMPLICIT_RETAIN_SELF = YES;
				CLANG_WARN_OBJC_LITERAL_CONVERSION = YES;
				CLANG_WARN_OBJC_ROOT_CLASS = YES_ERROR;
				CLANG_WARN_QUOTED_INCLUDE_IN_FRAMEWORK_HEADER = YES;
				CLANG_WARN_RANGE_LOOP_ANALYSIS = YES;
				CLANG_WARN_STRICT_PROTOTYPES = YES;
				CLANG_WARN_SUSPICIOUS_MOVE = YES;
				CLANG_WARN_UNGUARDED_AVAILABILITY = YES_AGGRESSIVE;
				CLANG_WARN_UNREACHABLE_CODE = YES;
				CLANG_WARN__DUPLICATE_METHOD_MATCH = YES;
				COPY_PHASE_STRIP = NO;
				DEBUG_INFORMATION_FORMAT = "dwarf-with-dsym";
				ENABLE_NS_ASSERTIONS = NO;
				ENABLE_STRICT_OBJC_MSGSEND = YES;
				GCC_C_LANGUAGE_STANDARD = gnu11;
				GCC_NO_COMMON_BLOCKS = YES;
				GCC_WARN_64_TO_32_BIT_CONVERSION = YES;
				GCC_WARN_ABOUT_RETURN_TYPE = YES_ERROR;
				GCC_WARN_UNDECLARED_SELECTOR = YES;
				GCC_WARN_UNINITIALIZED_AUTOS = YES_AGGRESSIVE;
				GCC_WARN_UNUSED_FUNCTION = YES;
				GCC_WARN_UNUSED_VARIABLE = YES;
				IPHONEOS_DEPLOYMENT_TARGET = 15.2;
				MTL_ENABLE_DEBUG_INFO = NO;
				MTL_FAST_MATH = YES;
				SDKROOT = iphoneos;
				SWIFT_COMPILATION_MODE = wholemodule;
				SWIFT_OPTIMIZATION_LEVEL = "-O";
				VALIDATE_PRODUCT = YES;
			};
			name = Release;
		};
		959E26FC27DCDE9E0002A23D /* Debug */ = {
			isa = XCBuildConfiguration;
			buildSettings = {
				ASSETCATALOG_COMPILER_APPICON_NAME = AppIcon;
				ASSETCATALOG_COMPILER_GLOBAL_ACCENT_COLOR_NAME = AccentColor;
				CODE_SIGN_STYLE = Automatic;
				CURRENT_PROJECT_VERSION = 1;
				GENERATE_INFOPLIST_FILE = YES;
				INFOPLIST_FILE = AcculynxCodeChallenge/Info.plist;
				INFOPLIST_KEY_UIApplicationSupportsIndirectInputEvents = YES;
				INFOPLIST_KEY_UILaunchStoryboardName = LaunchScreen;
				INFOPLIST_KEY_UIMainStoryboardFile = Main;
				INFOPLIST_KEY_UISupportedInterfaceOrientations_iPad = "UIInterfaceOrientationPortrait UIInterfaceOrientationPortraitUpsideDown UIInterfaceOrientationLandscapeLeft UIInterfaceOrientationLandscapeRight";
				INFOPLIST_KEY_UISupportedInterfaceOrientations_iPhone = "UIInterfaceOrientationPortrait UIInterfaceOrientationLandscapeLeft UIInterfaceOrientationLandscapeRight";
				LD_RUNPATH_SEARCH_PATHS = (
					"$(inherited)",
					"@executable_path/Frameworks",
				);
				MARKETING_VERSION = 1.0;
				PRODUCT_BUNDLE_IDENTIFIER = com.kylepratt.AcculynxCodeChallenge;
				PRODUCT_NAME = "$(TARGET_NAME)";
				SWIFT_EMIT_LOC_STRINGS = YES;
				SWIFT_VERSION = 5.0;
				TARGETED_DEVICE_FAMILY = "1,2";
			};
			name = Debug;
		};
		959E26FD27DCDE9E0002A23D /* Release */ = {
			isa = XCBuildConfiguration;
			buildSettings = {
				ASSETCATALOG_COMPILER_APPICON_NAME = AppIcon;
				ASSETCATALOG_COMPILER_GLOBAL_ACCENT_COLOR_NAME = AccentColor;
				CODE_SIGN_STYLE = Automatic;
				CURRENT_PROJECT_VERSION = 1;
				GENERATE_INFOPLIST_FILE = YES;
				INFOPLIST_FILE = AcculynxCodeChallenge/Info.plist;
				INFOPLIST_KEY_UIApplicationSupportsIndirectInputEvents = YES;
				INFOPLIST_KEY_UILaunchStoryboardName = LaunchScreen;
				INFOPLIST_KEY_UIMainStoryboardFile = Main;
				INFOPLIST_KEY_UISupportedInterfaceOrientations_iPad = "UIInterfaceOrientationPortrait UIInterfaceOrientationPortraitUpsideDown UIInterfaceOrientationLandscapeLeft UIInterfaceOrientationLandscapeRight";
				INFOPLIST_KEY_UISupportedInterfaceOrientations_iPhone = "UIInterfaceOrientationPortrait UIInterfaceOrientationLandscapeLeft UIInterfaceOrientationLandscapeRight";
				LD_RUNPATH_SEARCH_PATHS = (
					"$(inherited)",
					"@executable_path/Frameworks",
				);
				MARKETING_VERSION = 1.0;
				PRODUCT_BUNDLE_IDENTIFIER = com.kylepratt.AcculynxCodeChallenge;
				PRODUCT_NAME = "$(TARGET_NAME)";
				SWIFT_EMIT_LOC_STRINGS = YES;
				SWIFT_VERSION = 5.0;
				TARGETED_DEVICE_FAMILY = "1,2";
			};
			name = Release;
		};
/* End XCBuildConfiguration section */

/* Begin XCConfigurationList section */
		959E26E227DCDE9D0002A23D /* Build configuration list for PBXProject "AcculynxCodeChallenge" */ = {
			isa = XCConfigurationList;
			buildConfigurations = (
				959E26F927DCDE9E0002A23D /* Debug */,
				959E26FA27DCDE9E0002A23D /* Release */,
			);
			defaultConfigurationIsVisible = 0;
			defaultConfigurationName = Release;
		};
		959E26FB27DCDE9E0002A23D /* Build configuration list for PBXNativeTarget "AcculynxCodeChallenge" */ = {
			isa = XCConfigurationList;
			buildConfigurations = (
				959E26FC27DCDE9E0002A23D /* Debug */,
				959E26FD27DCDE9E0002A23D /* Release */,
			);
			defaultConfigurationIsVisible = 0;
			defaultConfigurationName = Release;
		};
/* End XCConfigurationList section */
	};
	rootObject = 959E26DF27DCDE9D0002A23D /* Project object */;
}
